
Microsoft Visual Studio Solution File, Format Version 12.00
# Visual Studio Version 17
VisualStudioVersion = 17.10.35027.167
MinimumVisualStudioVersion = 10.0.40219.1
Project("{FAE04EC0-301F-11D3-BF4B-00C04F79EFBC}") = "CitaMedicaTemplate", "CitaMedicaTemplate\CitaMedicaTemplate.csproj", "{5F579577-674A-4EB1-8E0B-A41F31B08305}"
EndProject
Global
	GlobalSection(SolutionConfigurationPlatforms) = preSolution
		Debug|Any CPU = Debug|Any CPU
		Release|Any CPU = Release|Any CPU
	EndGlobalSection
	GlobalSection(ProjectConfigurationPlatforms) = postSolution
		{5F579577-674A-4EB1-8E0B-A41F31B08305}.Debug|Any CPU.ActiveCfg = Debug|Any CPU
		{5F579577-674A-4EB1-8E0B-A41F31B08305}.Debug|Any CPU.Build.0 = Debug|Any CPU
		{5F579577-674A-4EB1-8E0B-A41F31B08305}.Release|Any CPU.ActiveCfg = Release|Any CPU
		{5F579577-674A-4EB1-8E0B-A41F31B08305}.Release|Any CPU.Build.0 = Release|Any CPU
	EndGlobalSection
	GlobalSection(SolutionProperties) = preSolution
		HideSolutionNode = FALSE
	EndGlobalSection
	GlobalSection(ExtensibilityGlobals) = postSolution
		SolutionGuid = {46F4574D-245A-49B0-9760-17BC07256638}
	EndGlobalSection
EndGlobal
